github.com/nunocoracao/blowfish/v2 v2.44.0 h1:lUR0Ako1B6QQPuWJ/vy5zwV6f3Vr+ga9OJifErzxTjA=
github.com/nunocoracao/blowfish/v2 v2.44.0/go.mod h1:4SkMc+Ht8gpQCwArqiHMBDP3soxi2OWuAhVney+cuyk=
github.com/nunocoracao/blowfish/v2 v2.45.0 h1:qjiNRMJyuxPK7/Bqni11vXPnE/yDXO2R9k4ov2KY4BE=
github.com/nunocoracao/blowfish/v2 v2.45.0/go.mod h1:4SkMc+Ht8gpQCwArqiHMBDP3soxi2OWuAhVney+cuyk=
